<?xml version="1.0" encoding="utf-8"?>
<Project ToolsVersion="4.0" xmlns="http://schemas.microsoft.com/developer/msbuild/2003">
  <ItemGroup>
    <Filter Include="Source Files">
      <UniqueIdentifier>{4FC737F1-C7A5-4376-A066-2A32D752A2FF}</UniqueIdentifier>
      <Extensions>cpp;c;cc;cxx;def;odl;idl;hpj;bat;asm;asmx</Extensions>
    </Filter>
    <Filter Include="Header Files">
      <UniqueIdentifier>{93995380-89BD-4b04-88EB-625FBE52EBFB}</UniqueIdentifier>
      <Extensions>h;hh;hpp;hxx;hm;inl;inc;xsd</Extensions>
    </Filter>
    <Filter Include="Resource Files">
      <UniqueIdentifier>{67DA6AB6-F800-4c08-8B7A-83BB121AAD01}</UniqueIdentifier>
      <Extensions>rc;ico;cur;bmp;dlg;rc2;rct;bin;rgs;gif;jpg;jpeg;jpe;resx;tiff;tif;png;wav;mfcribbon-ms</Extensions>
    </Filter>
  </ItemGroup>
  <ItemGroup>
    <ClInclude Include="pch.h">
      <Filter>Header Files</Filter>
    </ClInclude>
    <ClInclude Include="PODData.h">
      <Filter>Header Files</Filter>
    </ClInclude>
    <ClInclude Include="ObserverSingleton.h">
      <Filter>Header Files</Filter>
    </ClInclude>
    <ClInclude Include="EventToken.h">
      <Filter>Header Files</Filter>
    </ClInclude>
    <ClInclude Include="MyObserver.h">
      <Filter>Header Files</Filter>
    </ClInclude>
    <ClInclude Include="MySubject.h">
      <Filter>Header Files</Filter>
    </ClInclude>
    <ClInclude Include="MyObserverAutoRevoke.h">
      <Filter>Header Files</Filter>
    </ClInclude>
    <ClInclude Include="..\common\Logger.h">
      <Filter>Header Files</Filter>
    </ClInclude>
  </ItemGroup>
  <ItemGroup>
    <ClCompile Include="pch.cpp">
      <Filter>Source Files</Filter>
    </ClCompile>
    <ClCompile Include="dllmain.cpp">
      <Filter>Source Files</Filter>
    </ClCompile>
    <ClCompile Include="PODData.cpp">
      <Filter>Source Files</Filter>
    </ClCompile>
    <ClCompile Include="ObserverSingleton.cpp">
      <Filter>Source Files</Filter>
    </ClCompile>
    <ClCompile Include="$(GeneratedFilesDir)\module.g.cpp">
      <Filter>Source Files</Filter>
    </ClCompile>
    <ClCompile Include="EventToken.cpp">
      <Filter>Source Files</Filter>
    </ClCompile>
    <ClCompile Include="MyObserver.cpp">
      <Filter>Source Files</Filter>
    </ClCompile>
    <ClCompile Include="MySubject.cpp">
      <Filter>Source Files</Filter>
    </ClCompile>
    <ClCompile Include="MyObserverAutoRevoke.cpp">
      <Filter>Source Files</Filter>
    </ClCompile>
    <ClCompile Include="..\common\Logger.cpp">
      <Filter>Source Files</Filter>
    </ClCompile>
  </ItemGroup>
  <ItemGroup>
    <None Include="PropertySheet.props" />
    <None Include="WinRTDLLObserver.def">
      <Filter>Source Files</Filter>
    </None>
    <None Include="packages.config" />
  </ItemGroup>
  <ItemGroup>
    <Text Include="readme.txt" />
  </ItemGroup>
  <ItemGroup>
    <Midl Include="WinRTDLLObserver.idl">
      <Filter>Source Files</Filter>
    </Midl>
  </ItemGroup>
</Project>