
Microsoft Visual Studio Solution File, Format Version 12.00
# Visual Studio Version 16
VisualStudioVersion = 16.0.31005.135
MinimumVisualStudioVersion = 10.0.40219.1
Project("{8BC9CEB8-8B4A-11D0-8D11-00A0C91BC942}") = "MyDesktopWin32App", "MyDesktopWin32App.vcxproj", "{745B38F8-06C9-4A30-B39E-BC8CBB9B9989}"
	ProjectSection(ProjectDependencies) = postProject
		{19E2DE35-C710-442A-97EB-EAA1AD7B0695} = {19E2DE35-C710-442A-97EB-EAA1AD7B0695}
	EndProjectSection
EndProject
Project("{8BC9CEB8-8B4A-11D0-8D11-00A0C91BC942}") = "MyUWPApp", "..\MyUWPApp\MyUWPApp.vcxproj", "{19E2DE35-C710-442A-97EB-EAA1AD7B0695}"
EndProject
Project("{2150E333-8FDC-42A3-9474-1A3956D46DE8}") = "Solution Items", "Solution Items", "{3A9B036C-B78D-42AD-8070-7216974576D6}"
	ProjectSection(SolutionItems) = preProject
		Solution.props = Solution.props
	EndProjectSection
EndProject
Global
	GlobalSection(SolutionConfigurationPlatforms) = preSolution
		Debug|ARM = Debug|ARM
		Debug|ARM64 = Debug|ARM64
		Debug|x64 = Debug|x64
		Debug|x86 = Debug|x86
		Release|ARM = Release|ARM
		Release|ARM64 = Release|ARM64
		Release|x64 = Release|x64
		Release|x86 = Release|x86
	EndGlobalSection
	GlobalSection(ProjectConfigurationPlatforms) = postSolution
		{745B38F8-06C9-4A30-B39E-BC8CBB9B9989}.Debug|ARM.ActiveCfg = Debug|Win32
		{745B38F8-06C9-4A30-B39E-BC8CBB9B9989}.Debug|ARM64.ActiveCfg = Debug|Win32
		{745B38F8-06C9-4A30-B39E-BC8CBB9B9989}.Debug|x64.ActiveCfg = Debug|x64
		{745B38F8-06C9-4A30-B39E-BC8CBB9B9989}.Debug|x64.Build.0 = Debug|x64
		{745B38F8-06C9-4A30-B39E-BC8CBB9B9989}.Debug|x86.ActiveCfg = Debug|Win32
		{745B38F8-06C9-4A30-B39E-BC8CBB9B9989}.Debug|x86.Build.0 = Debug|Win32
		{745B38F8-06C9-4A30-B39E-BC8CBB9B9989}.Release|ARM.ActiveCfg = Release|Win32
		{745B38F8-06C9-4A30-B39E-BC8CBB9B9989}.Release|ARM64.ActiveCfg = Release|Win32
		{745B38F8-06C9-4A30-B39E-BC8CBB9B9989}.Release|x64.ActiveCfg = Release|x64
		{745B38F8-06C9-4A30-B39E-BC8CBB9B9989}.Release|x64.Build.0 = Release|x64
		{745B38F8-06C9-4A30-B39E-BC8CBB9B9989}.Release|x86.ActiveCfg = Release|Win32
		{745B38F8-06C9-4A30-B39E-BC8CBB9B9989}.Release|x86.Build.0 = Release|Win32
		{19E2DE35-C710-442A-97EB-EAA1AD7B0695}.Debug|ARM.ActiveCfg = Debug|ARM
		{19E2DE35-C710-442A-97EB-EAA1AD7B0695}.Debug|ARM.Build.0 = Debug|ARM
		{19E2DE35-C710-442A-97EB-EAA1AD7B0695}.Debug|ARM.Deploy.0 = Debug|ARM
		{19E2DE35-C710-442A-97EB-EAA1AD7B0695}.Debug|ARM64.ActiveCfg = Debug|ARM64
		{19E2DE35-C710-442A-97EB-EAA1AD7B0695}.Debug|ARM64.Build.0 = Debug|ARM64
		{19E2DE35-C710-442A-97EB-EAA1AD7B0695}.Debug|ARM64.Deploy.0 = Debug|ARM64
		{19E2DE35-C710-442A-97EB-EAA1AD7B0695}.Debug|x64.ActiveCfg = Debug|x64
		{19E2DE35-C710-442A-97EB-EAA1AD7B0695}.Debug|x64.Build.0 = Debug|x64
		{19E2DE35-C710-442A-97EB-EAA1AD7B0695}.Debug|x64.Deploy.0 = Debug|x64
		{19E2DE35-C710-442A-97EB-EAA1AD7B0695}.Debug|x86.ActiveCfg = Debug|Win32
		{19E2DE35-C710-442A-97EB-EAA1AD7B0695}.Debug|x86.Build.0 = Debug|Win32
		{19E2DE35-C710-442A-97EB-EAA1AD7B0695}.Debug|x86.Deploy.0 = Debug|Win32
		{19E2DE35-C710-442A-97EB-EAA1AD7B0695}.Release|ARM.ActiveCfg = Release|ARM
		{19E2DE35-C710-442A-97EB-EAA1AD7B0695}.Release|ARM.Build.0 = Release|ARM
		{19E2DE35-C710-442A-97EB-EAA1AD7B0695}.Release|ARM.Deploy.0 = Release|ARM
		{19E2DE35-C710-442A-97EB-EAA1AD7B0695}.Release|ARM64.ActiveCfg = Release|ARM64
		{19E2DE35-C710-442A-97EB-EAA1AD7B0695}.Release|ARM64.Build.0 = Release|ARM64
		{19E2DE35-C710-442A-97EB-EAA1AD7B0695}.Release|ARM64.Deploy.0 = Release|ARM64
		{19E2DE35-C710-442A-97EB-EAA1AD7B0695}.Release|x64.ActiveCfg = Release|x64
		{19E2DE35-C710-442A-97EB-EAA1AD7B0695}.Release|x64.Build.0 = Release|x64
		{19E2DE35-C710-442A-97EB-EAA1AD7B0695}.Release|x64.Deploy.0 = Release|x64
		{19E2DE35-C710-442A-97EB-EAA1AD7B0695}.Release|x86.ActiveCfg = Release|Win32
		{19E2DE35-C710-442A-97EB-EAA1AD7B0695}.Release|x86.Build.0 = Release|Win32
		{19E2DE35-C710-442A-97EB-EAA1AD7B0695}.Release|x86.Deploy.0 = Release|Win32
	EndGlobalSection
	GlobalSection(SolutionProperties) = preSolution
		HideSolutionNode = FALSE
	EndGlobalSection
	GlobalSection(ExtensibilityGlobals) = postSolution
		SolutionGuid = {CF438AD9-770D-4978-B06A-5DFBC299B41D}
	EndGlobalSection
EndGlobal
